
Microsoft Visual Studio Solution File, Format Version 12.00
# Visual Studio 15
VisualStudioVersion = 15.0.34112.143
MinimumVisualStudioVersion = 10.0.40219.1
Project("{8BC9CEB8-8B4A-11D0-8D11-00A0C91BC942}") = "ExternalHack", "ExternalHack\ExternalHack.vcxproj", "{B9079DEE-11D4-44AF-A5EF-3848B30184CA}"
EndProject
Global
	GlobalSection(SolutionConfigurationPlatforms) = preSolution
		Debug|x64 = Debug|x64
		Debug|x86 = Debug|x86
		Release|x64 = Release|x64
		Release|x86 = Release|x86
	EndGlobalSection
	GlobalSection(ProjectConfigurationPlatforms) = postSolution
		{B9079DEE-11D4-44AF-A5EF-3848B30184CA}.Debug|x64.ActiveCfg = Debug|x64
		{B9079DEE-11D4-44AF-A5EF-3848B30184CA}.Debug|x64.Build.0 = Debug|x64
		{B9079DEE-11D4-44AF-A5EF-3848B30184CA}.Debug|x86.ActiveCfg = Debug|Win32
		{B9079DEE-11D4-44AF-A5EF-3848B30184CA}.Debug|x86.Build.0 = Debug|Win32
		{B9079DEE-11D4-44AF-A5EF-3848B30184CA}.Release|x64.ActiveCfg = Release|x64
		{B9079DEE-11D4-44AF-A5EF-3848B30184CA}.Release|x64.Build.0 = Release|x64
		{B9079DEE-11D4-44AF-A5EF-3848B30184CA}.Release|x86.ActiveCfg = Release|Win32
		{B9079DEE-11D4-44AF-A5EF-3848B30184CA}.Release|x86.Build.0 = Release|Win32
	EndGlobalSection
	GlobalSection(SolutionProperties) = preSolution
		HideSolutionNode = FALSE
	EndGlobalSection
	GlobalSection(ExtensibilityGlobals) = postSolution
		SolutionGuid = {13B99354-3FB0-4A9E-A30F-A31973D518F7}
	EndGlobalSection
EndGlobal
